
Microsoft Visual Studio Solution File, Format Version 12.00
# Visual Studio 15
VisualStudioVersion = 15.0.28307.102
MinimumVisualStudioVersion = 10.0.40219.1
Project("{FAE04EC0-301F-11D3-BF4B-00C04F79EFBC}") = "RoodFood3.Android", "RoodFood3\RoodFood3.Android\RoodFood3.Android.csproj", "{6847972F-EF0A-4C0F-BA30-1B744CFB8BAC}"
EndProject
Project("{FAE04EC0-301F-11D3-BF4B-00C04F79EFBC}") = "RoodFood3.iOS", "RoodFood3\RoodFood3.iOS\RoodFood3.iOS.csproj", "{C6A2D092-1BA2-48F8-A675-7F7F0B50C66C}"
EndProject
Project("{FAE04EC0-301F-11D3-BF4B-00C04F79EFBC}") = "RoodFood3.UWP", "RoodFood3\RoodFood3.UWP\RoodFood3.UWP.csproj", "{041F7132-9543-4970-8D6A-403DE3E22796}"
EndProject
Project("{9A19103F-16F7-4668-BE54-9A1E7A4F7556}") = "RoodFood3", "RoodFood3\RoodFood3\RoodFood3.csproj", "{46D31CD3-925E-445C-85F1-7DEAF024B56D}"
EndProject
Global
	GlobalSection(SolutionConfigurationPlatforms) = preSolution
		Ad-Hoc|Any CPU = Ad-Hoc|Any CPU
		Ad-Hoc|ARM = Ad-Hoc|ARM
		Ad-Hoc|iPhone = Ad-Hoc|iPhone
		Ad-Hoc|iPhoneSimulator = Ad-Hoc|iPhoneSimulator
		Ad-Hoc|x64 = Ad-Hoc|x64
		Ad-Hoc|x86 = Ad-Hoc|x86
		AppStore|Any CPU = AppStore|Any CPU
		AppStore|ARM = AppStore|ARM
		AppStore|iPhone = AppStore|iPhone
		AppStore|iPhoneSimulator = AppStore|iPhoneSimulator
		AppStore|x64 = AppStore|x64
		AppStore|x86 = AppStore|x86
		Debug|Any CPU = Debug|Any CPU
		Debug|ARM = Debug|ARM
		Debug|iPhone = Debug|iPhone
		Debug|iPhoneSimulator = Debug|iPhoneSimulator
		Debug|x64 = Debug|x64
		Debug|x86 = Debug|x86
		Release|Any CPU = Release|Any CPU
		Release|ARM = Release|ARM
		Release|iPhone = Release|iPhone
		Release|iPhoneSimulator = Release|iPhoneSimulator
		Release|x64 = Release|x64
		Release|x86 = Release|x86
	EndGlobalSection
	GlobalSection(ProjectConfigurationPlatforms) = postSolution
		{6847972F-EF0A-4C0F-BA30-1B744CFB8BAC}.Ad-Hoc|Any CPU.ActiveCfg = Release|Any CPU
		{6847972F-EF0A-4C0F-BA30-1B744CFB8BAC}.Ad-Hoc|Any CPU.Build.0 = Release|Any CPU
		{6847972F-EF0A-4C0F-BA30-1B744CFB8BAC}.Ad-Hoc|Any CPU.Deploy.0 = Release|Any CPU
		{6847972F-EF0A-4C0F-BA30-1B744CFB8BAC}.Ad-Hoc|ARM.ActiveCfg = Release|Any CPU
		{6847972F-EF0A-4C0F-BA30-1B744CFB8BAC}.Ad-Hoc|ARM.Build.0 = Release|Any CPU
		{6847972F-EF0A-4C0F-BA30-1B744CFB8BAC}.Ad-Hoc|ARM.Deploy.0 = Release|Any CPU
		{6847972F-EF0A-4C0F-BA30-1B744CFB8BAC}.Ad-Hoc|iPhone.ActiveCfg = Release|Any CPU
		{6847972F-EF0A-4C0F-BA30-1B744CFB8BAC}.Ad-Hoc|iPhone.Build.0 = Release|Any CPU
		{6847972F-EF0A-4C0F-BA30-1B744CFB8BAC}.Ad-Hoc|iPhone.Deploy.0 = Release|Any CPU
		{6847972F-EF0A-4C0F-BA30-1B744CFB8BAC}.Ad-Hoc|iPhoneSimulator.ActiveCfg = Release|Any CPU
		{6847972F-EF0A-4C0F-BA30-1B744CFB8BAC}.Ad-Hoc|iPhoneSimulator.Build.0 = Release|Any CPU
		{6847972F-EF0A-4C0F-BA30-1B744CFB8BAC}.Ad-Hoc|iPhoneSimulator.Deploy.0 = Release|Any CPU
		{6847972F-EF0A-4C0F-BA30-1B744CFB8BAC}.Ad-Hoc|x64.ActiveCfg = Release|Any CPU
		{6847972F-EF0A-4C0F-BA30-1B744CFB8BAC}.Ad-Hoc|x64.Build.0 = Release|Any CPU
		{6847972F-EF0A-4C0F-BA30-1B744CFB8BAC}.Ad-Hoc|x64.Deploy.0 = Release|Any CPU
		{6847972F-EF0A-4C0F-BA30-1B744CFB8BAC}.Ad-Hoc|x86.ActiveCfg = Release|Any CPU
		{6847972F-EF0A-4C0F-BA30-1B744CFB8BAC}.Ad-Hoc|x86.Build.0 = Release|Any CPU
		{6847972F-EF0A-4C0F-BA30-1B744CFB8BAC}.Ad-Hoc|x86.Deploy.0 = Release|Any CPU
		{6847972F-EF0A-4C0F-BA30-1B744CFB8BAC}.AppStore|Any CPU.ActiveCfg = Release|Any CPU
		{6847972F-EF0A-4C0F-BA30-1B744CFB8BAC}.AppStore|Any CPU.Build.0 = Release|Any CPU
		{6847972F-EF0A-4C0F-BA30-1B744CFB8BAC}.AppStore|Any CPU.Deploy.0 = Release|Any CPU
		{6847972F-EF0A-4C0F-BA30-1B744CFB8BAC}.AppStore|ARM.ActiveCfg = Release|Any CPU
		{6847972F-EF0A-4C0F-BA30-1B744CFB8BAC}.AppStore|ARM.Build.0 = Release|Any CPU
		{6847972F-EF0A-4C0F-BA30-1B744CFB8BAC}.AppStore|ARM.Deploy.0 = Release|Any CPU
		{6847972F-EF0A-4C0F-BA30-1B744CFB8BAC}.AppStore|iPhone.ActiveCfg = Release|Any CPU
		{6847972F-EF0A-4C0F-BA30-1B744CFB8BAC}.AppStore|iPhone.Build.0 = Release|Any CPU
		{6847972F-EF0A-4C0F-BA30-1B744CFB8BAC}.AppStore|iPhone.Deploy.0 = Release|Any CPU
		{6847972F-EF0A-4C0F-BA30-1B744CFB8BAC}.AppStore|iPhoneSimulator.ActiveCfg = Release|Any CPU
		{6847972F-EF0A-4C0F-BA30-1B744CFB8BAC}.AppStore|iPhoneSimulator.Build.0 = Release|Any CPU
		{6847972F-EF0A-4C0F-BA30-1B744CFB8BAC}.AppStore|iPhoneSimulator.Deploy.0 = Release|Any CPU
		{6847972F-EF0A-4C0F-BA30-1B744CFB8BAC}.AppStore|x64.ActiveCfg = Release|Any CPU
		{6847972F-EF0A-4C0F-BA30-1B744CFB8BAC}.AppStore|x64.Build.0 = Release|Any CPU
		{6847972F-EF0A-4C0F-BA30-1B744CFB8BAC}.AppStore|x64.Deploy.0 = Release|Any CPU
		{6847972F-EF0A-4C0F-BA30-1B744CFB8BAC}.AppStore|x86.ActiveCfg = Release|Any CPU
		{6847972F-EF0A-4C0F-BA30-1B744CFB8BAC}.AppStore|x86.Build.0 = Release|Any CPU
		{6847972F-EF0A-4C0F-BA30-1B744CFB8BAC}.AppStore|x86.Deploy.0 = Release|Any CPU
		{6847972F-EF0A-4C0F-BA30-1B744CFB8BAC}.Debug|Any CPU.ActiveCfg = Debug|Any CPU
		{6847972F-EF0A-4C0F-BA30-1B744CFB8BAC}.Debug|Any CPU.Build.0 = Debug|Any CPU
		{6847972F-EF0A-4C0F-BA30-1B744CFB8BAC}.Debug|Any CPU.Deploy.0 = Debug|Any CPU
		{6847972F-EF0A-4C0F-BA30-1B744CFB8BAC}.Debug|ARM.ActiveCfg = Debug|Any CPU
		{6847972F-EF0A-4C0F-BA30-1B744CFB8BAC}.Debug|ARM.Build.0 = Debug|Any CPU
		{6847972F-EF0A-4C0F-BA30-1B744CFB8BAC}.Debug|ARM.Deploy.0 = Debug|Any CPU
		{6847972F-EF0A-4C0F-BA30-1B744CFB8BAC}.Debug|iPhone.ActiveCfg = Debug|Any CPU
		{6847972F-EF0A-4C0F-BA30-1B744CFB8BAC}.Debug|iPhone.Build.0 = Debug|Any CPU
		{6847972F-EF0A-4C0F-BA30-1B744CFB8BAC}.Debug|iPhone.Deploy.0 = Debug|Any CPU
		{6847972F-EF0A-4C0F-BA30-1B744CFB8BAC}.Debug|iPhoneSimulator.ActiveCfg = Debug|Any CPU
		{6847972F-EF0A-4C0F-BA30-1B744CFB8BAC}.Debug|iPhoneSimulator.Build.0 = Debug|Any CPU
		{6847972F-EF0A-4C0F-BA30-1B744CFB8BAC}.Debug|iPhoneSimulator.Deploy.0 = Debug|Any CPU
		{6847972F-EF0A-4C0F-BA30-1B744CFB8BAC}.Debug|x64.ActiveCfg = Debug|Any CPU
		{6847972F-EF0A-4C0F-BA30-1B744CFB8BAC}.Debug|x64.Build.0 = Debug|Any CPU
		{6847972F-EF0A-4C0F-BA30-1B744CFB8BAC}.Debug|x64.Deploy.0 = Debug|Any CPU
		{6847972F-EF0A-4C0F-BA30-1B744CFB8BAC}.Debug|x86.ActiveCfg = Debug|Any CPU
		{6847972F-EF0A-4C0F-BA30-1B744CFB8BAC}.Debug|x86.Build.0 = Debug|Any CPU
		{6847972F-EF0A-4C0F-BA30-1B744CFB8BAC}.Debug|x86.Deploy.0 = Debug|Any CPU
		{6847972F-EF0A-4C0F-BA30-1B744CFB8BAC}.Release|Any CPU.ActiveCfg = Release|Any CPU
		{6847972F-EF0A-4C0F-BA30-1B744CFB8BAC}.Release|Any CPU.Build.0 = Release|Any CPU
		{6847972F-EF0A-4C0F-BA30-1B744CFB8BAC}.Release|Any CPU.Deploy.0 = Release|Any CPU
		{6847972F-EF0A-4C0F-BA30-1B744CFB8BAC}.Release|ARM.ActiveCfg = Release|Any CPU
		{6847972F-EF0A-4C0F-BA30-1B744CFB8BAC}.Release|ARM.Build.0 = Release|Any CPU
		{6847972F-EF0A-4C0F-BA30-1B744CFB8BAC}.Release|ARM.Deploy.0 = Release|Any CPU
		{6847972F-EF0A-4C0F-BA30-1B744CFB8BAC}.Release|iPhone.ActiveCfg = Release|Any CPU
		{6847972F-EF0A-4C0F-BA30-1B744CFB8BAC}.Release|iPhone.Build.0 = Release|Any CPU
		{6847972F-EF0A-4C0F-BA30-1B744CFB8BAC}.Release|iPhone.Deploy.0 = Release|Any CPU
		{6847972F-EF0A-4C0F-BA30-1B744CFB8BAC}.Release|iPhoneSimulator.ActiveCfg = Release|Any CPU
		{6847972F-EF0A-4C0F-BA30-1B744CFB8BAC}.Release|iPhoneSimulator.Build.0 = Release|Any CPU
		{6847972F-EF0A-4C0F-BA30-1B744CFB8BAC}.Release|iPhoneSimulator.Deploy.0 = Release|Any CPU
		{6847972F-EF0A-4C0F-BA30-1B744CFB8BAC}.Release|x64.ActiveCfg = Release|Any CPU
		{6847972F-EF0A-4C0F-BA30-1B744CFB8BAC}.Release|x64.Build.0 = Release|Any CPU
		{6847972F-EF0A-4C0F-BA30-1B744CFB8BAC}.Release|x64.Deploy.0 = Release|Any CPU
		{6847972F-EF0A-4C0F-BA30-1B744CFB8BAC}.Release|x86.ActiveCfg = Release|Any CPU
		{6847972F-EF0A-4C0F-BA30-1B744CFB8BAC}.Release|x86.Build.0 = Release|Any CPU
		{6847972F-EF0A-4C0F-BA30-1B744CFB8BAC}.Release|x86.Deploy.0 = Release|Any CPU
		{C6A2D092-1BA2-48F8-A675-7F7F0B50C66C}.Ad-Hoc|Any CPU.ActiveCfg = Ad-Hoc|iPhone
		{C6A2D092-1BA2-48F8-A675-7F7F0B50C66C}.Ad-Hoc|Any CPU.Build.0 = Ad-Hoc|iPhone
		{C6A2D092-1BA2-48F8-A675-7F7F0B50C66C}.Ad-Hoc|Any CPU.Deploy.0 = Ad-Hoc|iPhone
		{C6A2D092-1BA2-48F8-A675-7F7F0B50C66C}.Ad-Hoc|ARM.ActiveCfg = Ad-Hoc|iPhone
		{C6A2D092-1BA2-48F8-A675-7F7F0B50C66C}.Ad-Hoc|ARM.Build.0 = Ad-Hoc|iPhone
		{C6A2D092-1BA2-48F8-A675-7F7F0B50C66C}.Ad-Hoc|ARM.Deploy.0 = Ad-Hoc|iPhone
		{C6A2D092-1BA2-48F8-A675-7F7F0B50C66C}.Ad-Hoc|iPhone.ActiveCfg = Ad-Hoc|iPhone
		{C6A2D092-1BA2-48F8-A675-7F7F0B50C66C}.Ad-Hoc|iPhone.Build.0 = Ad-Hoc|iPhone
		{C6A2D092-1BA2-48F8-A675-7F7F0B50C66C}.Ad-Hoc|iPhone.Deploy.0 = Ad-Hoc|iPhone
		{C6A2D092-1BA2-48F8-A675-7F7F0B50C66C}.Ad-Hoc|iPhoneSimulator.ActiveCfg = Ad-Hoc|iPhoneSimulator
		{C6A2D092-1BA2-48F8-A675-7F7F0B50C66C}.Ad-Hoc|iPhoneSimulator.Build.0 = Ad-Hoc|iPhoneSimulator
		{C6A2D092-1BA2-48F8-A675-7F7F0B50C66C}.Ad-Hoc|iPhoneSimulator.Deploy.0 = Ad-Hoc|iPhoneSimulator
		{C6A2D092-1BA2-48F8-A675-7F7F0B50C66C}.Ad-Hoc|x64.ActiveCfg = Ad-Hoc|iPhone
		{C6A2D092-1BA2-48F8-A675-7F7F0B50C66C}.Ad-Hoc|x64.Build.0 = Ad-Hoc|iPhone
		{C6A2D092-1BA2-48F8-A675-7F7F0B50C66C}.Ad-Hoc|x64.Deploy.0 = Ad-Hoc|iPhone
		{C6A2D092-1BA2-48F8-A675-7F7F0B50C66C}.Ad-Hoc|x86.ActiveCfg = Ad-Hoc|iPhone
		{C6A2D092-1BA2-48F8-A675-7F7F0B50C66C}.Ad-Hoc|x86.Build.0 = Ad-Hoc|iPhone
		{C6A2D092-1BA2-48F8-A675-7F7F0B50C66C}.Ad-Hoc|x86.Deploy.0 = Ad-Hoc|iPhone
		{C6A2D092-1BA2-48F8-A675-7F7F0B50C66C}.AppStore|Any CPU.ActiveCfg = AppStore|iPhone
		{C6A2D092-1BA2-48F8-A675-7F7F0B50C66C}.AppStore|Any CPU.Build.0 = AppStore|iPhone
		{C6A2D092-1BA2-48F8-A675-7F7F0B50C66C}.AppStore|Any CPU.Deploy.0 = AppStore|iPhone
		{C6A2D092-1BA2-48F8-A675-7F7F0B50C66C}.AppStore|ARM.ActiveCfg = AppStore|iPhone
		{C6A2D092-1BA2-48F8-A675-7F7F0B50C66C}.AppStore|ARM.Build.0 = AppStore|iPhone
		{C6A2D092-1BA2-48F8-A675-7F7F0B50C66C}.AppStore|ARM.Deploy.0 = AppStore|iPhone
		{C6A2D092-1BA2-48F8-A675-7F7F0B50C66C}.AppStore|iPhone.ActiveCfg = AppStore|iPhone
		{C6A2D092-1BA2-48F8-A675-7F7F0B50C66C}.AppStore|iPhone.Build.0 = AppStore|iPhone
		{C6A2D092-1BA2-48F8-A675-7F7F0B50C66C}.AppStore|iPhone.Deploy.0 = AppStore|iPhone
		{C6A2D092-1BA2-48F8-A675-7F7F0B50C66C}.AppStore|iPhoneSimulator.ActiveCfg = AppStore|iPhoneSimulator
		{C6A2D092-1BA2-48F8-A675-7F7F0B50C66C}.AppStore|iPhoneSimulator.Build.0 = AppStore|iPhoneSimulator
		{C6A2D092-1BA2-48F8-A675-7F7F0B50C66C}.AppStore|iPhoneSimulator.Deploy.0 = AppStore|iPhoneSimulator
		{C6A2D092-1BA2-48F8-A675-7F7F0B50C66C}.AppStore|x64.ActiveCfg = AppStore|iPhone
		{C6A2D092-1BA2-48F8-A675-7F7F0B50C66C}.AppStore|x64.Build.0 = AppStore|iPhone
		{C6A2D092-1BA2-48F8-A675-7F7F0B50C66C}.AppStore|x64.Deploy.0 = AppStore|iPhone
		{C6A2D092-1BA2-48F8-A675-7F7F0B50C66C}.AppStore|x86.ActiveCfg = AppStore|iPhone
		{C6A2D092-1BA2-48F8-A675-7F7F0B50C66C}.AppStore|x86.Build.0 = AppStore|iPhone
		{C6A2D092-1BA2-48F8-A675-7F7F0B50C66C}.AppStore|x86.Deploy.0 = AppStore|iPhone
		{C6A2D092-1BA2-48F8-A675-7F7F0B50C66C}.Debug|Any CPU.ActiveCfg = Debug|iPhoneSimulator
		{C6A2D092-1BA2-48F8-A675-7F7F0B50C66C}.Debug|Any CPU.Build.0 = Debug|iPhoneSimulator
		{C6A2D092-1BA2-48F8-A675-7F7F0B50C66C}.Debug|Any CPU.Deploy.0 = Debug|iPhoneSimulator
		{C6A2D092-1BA2-48F8-A675-7F7F0B50C66C}.Debug|ARM.ActiveCfg = Debug|iPhone
		{C6A2D092-1BA2-48F8-A675-7F7F0B50C66C}.Debug|ARM.Build.0 = Debug|iPhone
		{C6A2D092-1BA2-48F8-A675-7F7F0B50C66C}.Debug|ARM.Deploy.0 = Debug|iPhone
		{C6A2D092-1BA2-48F8-A675-7F7F0B50C66C}.Debug|iPhone.ActiveCfg = Debug|iPhone
		{C6A2D092-1BA2-48F8-A675-7F7F0B50C66C}.Debug|iPhone.Build.0 = Debug|iPhone
		{C6A2D092-1BA2-48F8-A675-7F7F0B50C66C}.Debug|iPhone.Deploy.0 = Debug|iPhone
		{C6A2D092-1BA2-48F8-A675-7F7F0B50C66C}.Debug|iPhoneSimulator.ActiveCfg = Debug|iPhoneSimulator
		{C6A2D092-1BA2-48F8-A675-7F7F0B50C66C}.Debug|iPhoneSimulator.Build.0 = Debug|iPhoneSimulator
		{C6A2D092-1BA2-48F8-A675-7F7F0B50C66C}.Debug|iPhoneSimulator.Deploy.0 = Debug|iPhoneSimulator
		{C6A2D092-1BA2-48F8-A675-7F7F0B50C66C}.Debug|x64.ActiveCfg = Debug|iPhone
		{C6A2D092-1BA2-48F8-A675-7F7F0B50C66C}.Debug|x64.Build.0 = Debug|iPhone
		{C6A2D092-1BA2-48F8-A675-7F7F0B50C66C}.Debug|x64.Deploy.0 = Debug|iPhone
		{C6A2D092-1BA2-48F8-A675-7F7F0B50C66C}.Debug|x86.ActiveCfg = Debug|iPhone
		{C6A2D092-1BA2-48F8-A675-7F7F0B50C66C}.Debug|x86.Build.0 = Debug|iPhone
		{C6A2D092-1BA2-48F8-A675-7F7F0B50C66C}.Debug|x86.Deploy.0 = Debug|iPhone
		{C6A2D092-1BA2-48F8-A675-7F7F0B50C66C}.Release|Any CPU.ActiveCfg = Release|iPhone
		{C6A2D092-1BA2-48F8-A675-7F7F0B50C66C}.Release|Any CPU.Build.0 = Release|iPhone
		{C6A2D092-1BA2-48F8-A675-7F7F0B50C66C}.Release|Any CPU.Deploy.0 = Release|iPhone
		{C6A2D092-1BA2-48F8-A675-7F7F0B50C66C}.Release|ARM.ActiveCfg = Release|iPhone
		{C6A2D092-1BA2-48F8-A675-7F7F0B50C66C}.Release|ARM.Build.0 = Release|iPhone
		{C6A2D092-1BA2-48F8-A675-7F7F0B50C66C}.Release|ARM.Deploy.0 = Release|iPhone
		{C6A2D092-1BA2-48F8-A675-7F7F0B50C66C}.Release|iPhone.ActiveCfg = Release|iPhone
		{C6A2D092-1BA2-48F8-A675-7F7F0B50C66C}.Release|iPhone.Build.0 = Release|iPhone
		{C6A2D092-1BA2-48F8-A675-7F7F0B50C66C}.Release|iPhone.Deploy.0 = Release|iPhone
		{C6A2D092-1BA2-48F8-A675-7F7F0B50C66C}.Release|iPhoneSimulator.ActiveCfg = Release|iPhoneSimulator
		{C6A2D092-1BA2-48F8-A675-7F7F0B50C66C}.Release|iPhoneSimulator.Build.0 = Release|iPhoneSimulator
		{C6A2D092-1BA2-48F8-A675-7F7F0B50C66C}.Release|iPhoneSimulator.Deploy.0 = Release|iPhoneSimulator
		{C6A2D092-1BA2-48F8-A675-7F7F0B50C66C}.Release|x64.ActiveCfg = Release|iPhone
		{C6A2D092-1BA2-48F8-A675-7F7F0B50C66C}.Release|x64.Build.0 = Release|iPhone
		{C6A2D092-1BA2-48F8-A675-7F7F0B50C66C}.Release|x64.Deploy.0 = Release|iPhone
		{C6A2D092-1BA2-48F8-A675-7F7F0B50C66C}.Release|x86.ActiveCfg = Release|iPhone
		{C6A2D092-1BA2-48F8-A675-7F7F0B50C66C}.Release|x86.Build.0 = Release|iPhone
		{C6A2D092-1BA2-48F8-A675-7F7F0B50C66C}.Release|x86.Deploy.0 = Release|iPhone
		{041F7132-9543-4970-8D6A-403DE3E22796}.Ad-Hoc|Any CPU.ActiveCfg = Release|x86
		{041F7132-9543-4970-8D6A-403DE3E22796}.Ad-Hoc|Any CPU.Build.0 = Release|x86
		{041F7132-9543-4970-8D6A-403DE3E22796}.Ad-Hoc|Any CPU.Deploy.0 = Release|x86
		{041F7132-9543-4970-8D6A-403DE3E22796}.Ad-Hoc|ARM.ActiveCfg = Release|ARM
		{041F7132-9543-4970-8D6A-403DE3E22796}.Ad-Hoc|ARM.Build.0 = Release|ARM
		{041F7132-9543-4970-8D6A-403DE3E22796}.Ad-Hoc|ARM.Deploy.0 = Release|ARM
		{041F7132-9543-4970-8D6A-403DE3E22796}.Ad-Hoc|iPhone.ActiveCfg = Release|x86
		{041F7132-9543-4970-8D6A-403DE3E22796}.Ad-Hoc|iPhone.Build.0 = Release|x86
		{041F7132-9543-4970-8D6A-403DE3E22796}.Ad-Hoc|iPhone.Deploy.0 = Release|x86
		{041F7132-9543-4970-8D6A-403DE3E22796}.Ad-Hoc|iPhoneSimulator.ActiveCfg = Release|x86
		{041F7132-9543-4970-8D6A-403DE3E22796}.Ad-Hoc|iPhoneSimulator.Build.0 = Release|x86
		{041F7132-9543-4970-8D6A-403DE3E22796}.Ad-Hoc|iPhoneSimulator.Deploy.0 = Release|x86
		{041F7132-9543-4970-8D6A-403DE3E22796}.Ad-Hoc|x64.ActiveCfg = Release|x64
		{041F7132-9543-4970-8D6A-403DE3E22796}.Ad-Hoc|x64.Build.0 = Release|x64
		{041F7132-9543-4970-8D6A-403DE3E22796}.Ad-Hoc|x64.Deploy.0 = Release|x64
		{041F7132-9543-4970-8D6A-403DE3E22796}.Ad-Hoc|x86.ActiveCfg = Release|x86
		{041F7132-9543-4970-8D6A-403DE3E22796}.Ad-Hoc|x86.Build.0 = Release|x86
		{041F7132-9543-4970-8D6A-403DE3E22796}.Ad-Hoc|x86.Deploy.0 = Release|x86
		{041F7132-9543-4970-8D6A-403DE3E22796}.AppStore|Any CPU.ActiveCfg = Release|x86
		{041F7132-9543-4970-8D6A-403DE3E22796}.AppStore|Any CPU.Build.0 = Release|x86
		{041F7132-9543-4970-8D6A-403DE3E22796}.AppStore|Any CPU.Deploy.0 = Release|x86
		{041F7132-9543-4970-8D6A-403DE3E22796}.AppStore|ARM.ActiveCfg = Release|ARM
		{041F7132-9543-4970-8D6A-403DE3E22796}.AppStore|ARM.Build.0 = Release|ARM
		{041F7132-9543-4970-8D6A-403DE3E22796}.AppStore|ARM.Deploy.0 = Release|ARM
		{041F7132-9543-4970-8D6A-403DE3E22796}.AppStore|iPhone.ActiveCfg = Release|x86
		{041F7132-9543-4970-8D6A-403DE3E22796}.AppStore|iPhone.Build.0 = Release|x86
		{041F7132-9543-4970-8D6A-403DE3E22796}.AppStore|iPhone.Deploy.0 = Release|x86
		{041F7132-9543-4970-8D6A-403DE3E22796}.AppStore|iPhoneSimulator.ActiveCfg = Release|x86
		{041F7132-9543-4970-8D6A-403DE3E22796}.AppStore|iPhoneSimulator.Build.0 = Release|x86
		{041F7132-9543-4970-8D6A-403DE3E22796}.AppStore|iPhoneSimulator.Deploy.0 = Release|x86
		{041F7132-9543-4970-8D6A-403DE3E22796}.AppStore|x64.ActiveCfg = Release|x64
		{041F7132-9543-4970-8D6A-403DE3E22796}.AppStore|x64.Build.0 = Release|x64
		{041F7132-9543-4970-8D6A-403DE3E22796}.AppStore|x64.Deploy.0 = Release|x64
		{041F7132-9543-4970-8D6A-403DE3E22796}.AppStore|x86.ActiveCfg = Release|x86
		{041F7132-9543-4970-8D6A-403DE3E22796}.AppStore|x86.Build.0 = Release|x86
		{041F7132-9543-4970-8D6A-403DE3E22796}.AppStore|x86.Deploy.0 = Release|x86
		{041F7132-9543-4970-8D6A-403DE3E22796}.Debug|Any CPU.ActiveCfg = Debug|x86
		{041F7132-9543-4970-8D6A-403DE3E22796}.Debug|Any CPU.Build.0 = Debug|x86
		{041F7132-9543-4970-8D6A-403DE3E22796}.Debug|Any CPU.Deploy.0 = Debug|x86
		{041F7132-9543-4970-8D6A-403DE3E22796}.Debug|ARM.ActiveCfg = Debug|ARM
		{041F7132-9543-4970-8D6A-403DE3E22796}.Debug|ARM.Build.0 = Debug|ARM
		{041F7132-9543-4970-8D6A-403DE3E22796}.Debug|ARM.Deploy.0 = Debug|ARM
		{041F7132-9543-4970-8D6A-403DE3E22796}.Debug|iPhone.ActiveCfg = Debug|x86
		{041F7132-9543-4970-8D6A-403DE3E22796}.Debug|iPhone.Build.0 = Debug|x86
		{041F7132-9543-4970-8D6A-403DE3E22796}.Debug|iPhone.Deploy.0 = Debug|x86
		{041F7132-9543-4970-8D6A-403DE3E22796}.Debug|iPhoneSimulator.ActiveCfg = Debug|x86
		{041F7132-9543-4970-8D6A-403DE3E22796}.Debug|iPhoneSimulator.Build.0 = Debug|x86
		{041F7132-9543-4970-8D6A-403DE3E22796}.Debug|iPhoneSimulator.Deploy.0 = Debug|x86
		{041F7132-9543-4970-8D6A-403DE3E22796}.Debug|x64.ActiveCfg = Debug|x64
		{041F7132-9543-4970-8D6A-403DE3E22796}.Debug|x64.Build.0 = Debug|x64
		{041F7132-9543-4970-8D6A-403DE3E22796}.Debug|x64.Deploy.0 = Debug|x64
		{041F7132-9543-4970-8D6A-403DE3E22796}.Debug|x86.ActiveCfg = Debug|x86
		{041F7132-9543-4970-8D6A-403DE3E22796}.Debug|x86.Build.0 = Debug|x86
		{041F7132-9543-4970-8D6A-403DE3E22796}.Debug|x86.Deploy.0 = Debug|x86
		{041F7132-9543-4970-8D6A-403DE3E22796}.Release|Any CPU.ActiveCfg = Release|x86
		{041F7132-9543-4970-8D6A-403DE3E22796}.Release|Any CPU.Build.0 = Release|x86
		{041F7132-9543-4970-8D6A-403DE3E22796}.Release|Any CPU.Deploy.0 = Release|x86
		{041F7132-9543-4970-8D6A-403DE3E22796}.Release|ARM.ActiveCfg = Release|ARM
		{041F7132-9543-4970-8D6A-403DE3E22796}.Release|ARM.Build.0 = Release|ARM
		{041F7132-9543-4970-8D6A-403DE3E22796}.Release|ARM.Deploy.0 = Release|ARM
		{041F7132-9543-4970-8D6A-403DE3E22796}.Release|iPhone.ActiveCfg = Release|x86
		{041F7132-9543-4970-8D6A-403DE3E22796}.Release|iPhone.Build.0 = Release|x86
		{041F7132-9543-4970-8D6A-403DE3E22796}.Release|iPhone.Deploy.0 = Release|x86
		{041F7132-9543-4970-8D6A-403DE3E22796}.Release|iPhoneSimulator.ActiveCfg = Release|x86
		{041F7132-9543-4970-8D6A-403DE3E22796}.Release|iPhoneSimulator.Build.0 = Release|x86
		{041F7132-9543-4970-8D6A-403DE3E22796}.Release|iPhoneSimulator.Deploy.0 = Release|x86
		{041F7132-9543-4970-8D6A-403DE3E22796}.Release|x64.ActiveCfg = Release|x64
		{041F7132-9543-4970-8D6A-403DE3E22796}.Release|x64.Build.0 = Release|x64
		{041F7132-9543-4970-8D6A-403DE3E22796}.Release|x64.Deploy.0 = Release|x64
		{041F7132-9543-4970-8D6A-403DE3E22796}.Release|x86.ActiveCfg = Release|x86
		{041F7132-9543-4970-8D6A-403DE3E22796}.Release|x86.Build.0 = Release|x86
		{041F7132-9543-4970-8D6A-403DE3E22796}.Release|x86.Deploy.0 = Release|x86
		{46D31CD3-925E-445C-85F1-7DEAF024B56D}.Ad-Hoc|Any CPU.ActiveCfg = Debug|Any CPU
		{46D31CD3-925E-445C-85F1-7DEAF024B56D}.Ad-Hoc|Any CPU.Build.0 = Debug|Any CPU
		{46D31CD3-925E-445C-85F1-7DEAF024B56D}.Ad-Hoc|Any CPU.Deploy.0 = Debug|Any CPU
		{46D31CD3-925E-445C-85F1-7DEAF024B56D}.Ad-Hoc|ARM.ActiveCfg = Debug|Any CPU
		{46D31CD3-925E-445C-85F1-7DEAF024B56D}.Ad-Hoc|ARM.Build.0 = Debug|Any CPU
		{46D31CD3-925E-445C-85F1-7DEAF024B56D}.Ad-Hoc|ARM.Deploy.0 = Debug|Any CPU
		{46D31CD3-925E-445C-85F1-7DEAF024B56D}.Ad-Hoc|iPhone.ActiveCfg = Debug|Any CPU
		{46D31CD3-925E-445C-85F1-7DEAF024B56D}.Ad-Hoc|iPhone.Build.0 = Debug|Any CPU
		{46D31CD3-925E-445C-85F1-7DEAF024B56D}.Ad-Hoc|iPhone.Deploy.0 = Debug|Any CPU
		{46D31CD3-925E-445C-85F1-7DEAF024B56D}.Ad-Hoc|iPhoneSimulator.ActiveCfg = Debug|Any CPU
		{46D31CD3-925E-445C-85F1-7DEAF024B56D}.Ad-Hoc|iPhoneSimulator.Build.0 = Debug|Any CPU
		{46D31CD3-925E-445C-85F1-7DEAF024B56D}.Ad-Hoc|iPhoneSimulator.Deploy.0 = Debug|Any CPU
		{46D31CD3-925E-445C-85F1-7DEAF024B56D}.Ad-Hoc|x64.ActiveCfg = Debug|Any CPU
		{46D31CD3-925E-445C-85F1-7DEAF024B56D}.Ad-Hoc|x64.Build.0 = Debug|Any CPU
		{46D31CD3-925E-445C-85F1-7DEAF024B56D}.Ad-Hoc|x64.Deploy.0 = Debug|Any CPU
		{46D31CD3-925E-445C-85F1-7DEAF024B56D}.Ad-Hoc|x86.ActiveCfg = Debug|Any CPU
		{46D31CD3-925E-445C-85F1-7DEAF024B56D}.Ad-Hoc|x86.Build.0 = Debug|Any CPU
		{46D31CD3-925E-445C-85F1-7DEAF024B56D}.Ad-Hoc|x86.Deploy.0 = Debug|Any CPU
		{46D31CD3-925E-445C-85F1-7DEAF024B56D}.AppStore|Any CPU.ActiveCfg = Debug|Any CPU
		{46D31CD3-925E-445C-85F1-7DEAF024B56D}.AppStore|Any CPU.Build.0 = Debug|Any CPU
		{46D31CD3-925E-445C-85F1-7DEAF024B56D}.AppStore|Any CPU.Deploy.0 = Debug|Any CPU
		{46D31CD3-925E-445C-85F1-7DEAF024B56D}.AppStore|ARM.ActiveCfg = Debug|Any CPU
		{46D31CD3-925E-445C-85F1-7DEAF024B56D}.AppStore|ARM.Build.0 = Debug|Any CPU
		{46D31CD3-925E-445C-85F1-7DEAF024B56D}.AppStore|ARM.Deploy.0 = Debug|Any CPU
		{46D31CD3-925E-445C-85F1-7DEAF024B56D}.AppStore|iPhone.ActiveCfg = Debug|Any CPU
		{46D31CD3-925E-445C-85F1-7DEAF024B56D}.AppStore|iPhone.Build.0 = Debug|Any CPU
		{46D31CD3-925E-445C-85F1-7DEAF024B56D}.AppStore|iPhone.Deploy.0 = Debug|Any CPU
		{46D31CD3-925E-445C-85F1-7DEAF024B56D}.AppStore|iPhoneSimulator.ActiveCfg = Debug|Any CPU
		{46D31CD3-925E-445C-85F1-7DEAF024B56D}.AppStore|iPhoneSimulator.Build.0 = Debug|Any CPU
		{46D31CD3-925E-445C-85F1-7DEAF024B56D}.AppStore|iPhoneSimulator.Deploy.0 = Debug|Any CPU
		{46D31CD3-925E-445C-85F1-7DEAF024B56D}.AppStore|x64.ActiveCfg = Debug|Any CPU
		{46D31CD3-925E-445C-85F1-7DEAF024B56D}.AppStore|x64.Build.0 = Debug|Any CPU
		{46D31CD3-925E-445C-85F1-7DEAF024B56D}.AppStore|x64.Deploy.0 = Debug|Any CPU
		{46D31CD3-925E-445C-85F1-7DEAF024B56D}.AppStore|x86.ActiveCfg = Debug|Any CPU
		{46D31CD3-925E-445C-85F1-7DEAF024B56D}.AppStore|x86.Build.0 = Debug|Any CPU
		{46D31CD3-925E-445C-85F1-7DEAF024B56D}.AppStore|x86.Deploy.0 = Debug|Any CPU
		{46D31CD3-925E-445C-85F1-7DEAF024B56D}.Debug|Any CPU.ActiveCfg = Debug|Any CPU
		{46D31CD3-925E-445C-85F1-7DEAF024B56D}.Debug|Any CPU.Build.0 = Debug|Any CPU
		{46D31CD3-925E-445C-85F1-7DEAF024B56D}.Debug|Any CPU.Deploy.0 = Debug|Any CPU
		{46D31CD3-925E-445C-85F1-7DEAF024B56D}.Debug|ARM.ActiveCfg = Debug|Any CPU
		{46D31CD3-925E-445C-85F1-7DEAF024B56D}.Debug|ARM.Build.0 = Debug|Any CPU
		{46D31CD3-925E-445C-85F1-7DEAF024B56D}.Debug|ARM.Deploy.0 = Debug|Any CPU
		{46D31CD3-925E-445C-85F1-7DEAF024B56D}.Debug|iPhone.ActiveCfg = Debug|Any CPU
		{46D31CD3-925E-445C-85F1-7DEAF024B56D}.Debug|iPhone.Build.0 = Debug|Any CPU
		{46D31CD3-925E-445C-85F1-7DEAF024B56D}.Debug|iPhone.Deploy.0 = Debug|Any CPU
		{46D31CD3-925E-445C-85F1-7DEAF024B56D}.Debug|iPhoneSimulator.ActiveCfg = Debug|Any CPU
		{46D31CD3-925E-445C-85F1-7DEAF024B56D}.Debug|iPhoneSimulator.Build.0 = Debug|Any CPU
		{46D31CD3-925E-445C-85F1-7DEAF024B56D}.Debug|iPhoneSimulator.Deploy.0 = Debug|Any CPU
		{46D31CD3-925E-445C-85F1-7DEAF024B56D}.Debug|x64.ActiveCfg = Debug|Any CPU
		{46D31CD3-925E-445C-85F1-7DEAF024B56D}.Debug|x64.Build.0 = Debug|Any CPU
		{46D31CD3-925E-445C-85F1-7DEAF024B56D}.Debug|x64.Deploy.0 = Debug|Any CPU
		{46D31CD3-925E-445C-85F1-7DEAF024B56D}.Debug|x86.ActiveCfg = Debug|Any CPU
		{46D31CD3-925E-445C-85F1-7DEAF024B56D}.Debug|x86.Build.0 = Debug|Any CPU
		{46D31CD3-925E-445C-85F1-7DEAF024B56D}.Debug|x86.Deploy.0 = Debug|Any CPU
		{46D31CD3-925E-445C-85F1-7DEAF024B56D}.Release|Any CPU.ActiveCfg = Release|Any CPU
		{46D31CD3-925E-445C-85F1-7DEAF024B56D}.Release|Any CPU.Build.0 = Release|Any CPU
		{46D31CD3-925E-445C-85F1-7DEAF024B56D}.Release|Any CPU.Deploy.0 = Release|Any CPU
		{46D31CD3-925E-445C-85F1-7DEAF024B56D}.Release|ARM.ActiveCfg = Release|Any CPU
		{46D31CD3-925E-445C-85F1-7DEAF024B56D}.Release|ARM.Build.0 = Release|Any CPU
		{46D31CD3-925E-445C-85F1-7DEAF024B56D}.Release|ARM.Deploy.0 = Release|Any CPU
		{46D31CD3-925E-445C-85F1-7DEAF024B56D}.Release|iPhone.ActiveCfg = Release|Any CPU
		{46D31CD3-925E-445C-85F1-7DEAF024B56D}.Release|iPhone.Build.0 = Release|Any CPU
		{46D31CD3-925E-445C-85F1-7DEAF024B56D}.Release|iPhone.Deploy.0 = Release|Any CPU
		{46D31CD3-925E-445C-85F1-7DEAF024B56D}.Release|iPhoneSimulator.ActiveCfg = Release|Any CPU
		{46D31CD3-925E-445C-85F1-7DEAF024B56D}.Release|iPhoneSimulator.Build.0 = Release|Any CPU
		{46D31CD3-925E-445C-85F1-7DEAF024B56D}.Release|iPhoneSimulator.Deploy.0 = Release|Any CPU
		{46D31CD3-925E-445C-85F1-7DEAF024B56D}.Release|x64.ActiveCfg = Release|Any CPU
		{46D31CD3-925E-445C-85F1-7DEAF024B56D}.Release|x64.Build.0 = Release|Any CPU
		{46D31CD3-925E-445C-85F1-7DEAF024B56D}.Release|x64.Deploy.0 = Release|Any CPU
		{46D31CD3-925E-445C-85F1-7DEAF024B56D}.Release|x86.ActiveCfg = Release|Any CPU
		{46D31CD3-925E-445C-85F1-7DEAF024B56D}.Release|x86.Build.0 = Release|Any CPU
		{46D31CD3-925E-445C-85F1-7DEAF024B56D}.Release|x86.Deploy.0 = Release|Any CPU
	EndGlobalSection
	GlobalSection(SolutionProperties) = preSolution
		HideSolutionNode = FALSE
	EndGlobalSection
	GlobalSection(ExtensibilityGlobals) = postSolution
		SolutionGuid = {B179CACB-8939-46A1-9154-53C3CF241659}
	EndGlobalSection
EndGlobal
